# THIS IS AN AUTOGENERATED FILE. DO NOT EDIT THIS FILE DIRECTLY.
# yarn lockfile v1


"@adraffy/ens-normalize@^1.10.1":
  version "1.11.0"
  resolved "https://registry.yarnpkg.com/@adraffy/ens-normalize/-/ens-normalize-1.11.0.tgz#42cc67c5baa407ac25059fcd7d405cc5ecdb0c33"
  integrity sha512-/3DDPKHqqIqxUULp8yP4zODUY1i+2xvVWsv8A79xGWdCAG+8sb0hRh0Rk2QyOJUnnbyPUAZYcpBuRe3nS2OIUg==

"@cspotcode/source-map-support@^0.8.0":
  version "0.8.1"
  resolved "https://registry.yarnpkg.com/@cspotcode/source-map-support/-/source-map-support-0.8.1.tgz#00629c35a688e05a88b1cda684fb9d5e73f000a1"
  integrity sha512-IchNf6dN4tHoMFIn/7OE8LWZ19Y6q/67Bmf6vnGREv8RSbBVb9LPJxEcnwrcwX6ixSvaiGoomAUvu4YSxXrVgw==
  dependencies:
    "@jridgewell/trace-mapping" "0.3.9"

"@gerrit0/mini-shiki@^1.24.0":
  version "1.24.4"
  resolved "https://registry.yarnpkg.com/@gerrit0/mini-shiki/-/mini-shiki-1.24.4.tgz#e5328ca0dccc094460c03701d62158137a5a2eda"
  integrity sha512-YEHW1QeAg6UmxEmswiQbOVEg1CW22b1XUD/lNTliOsu0LD0wqoyleFMnmbTp697QE0pcadQiR5cVtbbAPncvpw==
  dependencies:
    "@shikijs/engine-oniguruma" "^1.24.2"
    "@shikijs/types" "^1.24.2"
    "@shikijs/vscode-textmate" "^9.3.1"

"@jridgewell/resolve-uri@^3.0.3":
  version "3.1.2"
  resolved "https://registry.yarnpkg.com/@jridgewell/resolve-uri/-/resolve-uri-3.1.2.tgz#7a0ee601f60f99a20c7c7c5ff0c80388c1189bd6"
  integrity sha512-bRISgCIjP20/tbWSPWMEi54QVPRZExkuD9lJL+UIxUKtwVJA8wW1Trb1jMs1RFXo1CBTNZ/5hpC9QvmKWdopKw==

"@jridgewell/sourcemap-codec@^1.4.10":
  version "1.5.0"
  resolved "https://registry.yarnpkg.com/@jridgewell/sourcemap-codec/-/sourcemap-codec-1.5.0.tgz#3188bcb273a414b0d215fd22a58540b989b9409a"
  integrity sha512-gv3ZRaISU3fjPAgNsriBRqGWQL6quFx04YMPW/zD8XMLsU32mhCCbfbO6KZFLjvYpCZ8zyDEgqsgf+PwPaM7GQ==

"@jridgewell/trace-mapping@0.3.9":
  version "0.3.9"
  resolved "https://registry.yarnpkg.com/@jridgewell/trace-mapping/-/trace-mapping-0.3.9.tgz#6534fd5933a53ba7cbf3a17615e273a0d1273ff9"
  integrity sha512-3Belt6tdc8bPgAtbcmdtNJlirVoTmEb5e2gC94PnkwEW9jI6CAHUeoG85tjWP5WquqfavoMtMwiG4P926ZKKuQ==
  dependencies:
    "@jridgewell/resolve-uri" "^3.0.3"
    "@jridgewell/sourcemap-codec" "^1.4.10"

"@noble/curves@1.7.0", "@noble/curves@^1.4.0", "@noble/curves@^1.6.0", "@noble/curves@~1.7.0":
  version "1.7.0"
  resolved "https://registry.yarnpkg.com/@noble/curves/-/curves-1.7.0.tgz#0512360622439256df892f21d25b388f52505e45"
  integrity sha512-UTMhXK9SeDhFJVrHeUJ5uZlI6ajXg10O6Ddocf9S6GjbSBVZsJo88HzKwXznNfGpMTRDyJkqMjNDPYgf0qFWnw==
  dependencies:
    "@noble/hashes" "1.6.0"

"@noble/hashes@1.6.0":
  version "1.6.0"
  resolved "https://registry.yarnpkg.com/@noble/hashes/-/hashes-1.6.0.tgz#d4bfb516ad6e7b5111c216a5cc7075f4cf19e6c5"
  integrity sha512-YUULf0Uk4/mAA89w+k3+yUYh6NrEvxZa5T6SY3wlMvE2chHkxFUUIDI8/XW1QSC357iA5pSnqt7XEhvFOqmDyQ==

"@noble/hashes@1.6.1", "@noble/hashes@^1.4.0", "@noble/hashes@^1.5.0", "@noble/hashes@~1.6.0":
  version "1.6.1"
  resolved "https://registry.yarnpkg.com/@noble/hashes/-/hashes-1.6.1.tgz#df6e5943edcea504bac61395926d6fd67869a0d5"
  integrity sha512-pq5D8h10hHBjyqX+cfBm0i8JUXJ0UhczFc4r74zbuT9XgewFo2E3J1cOaGtdZynILNmQ685YWGzGE1Zv6io50w==

"@scure/base@~1.2.1":
  version "1.2.1"
  resolved "https://registry.yarnpkg.com/@scure/base/-/base-1.2.1.tgz#dd0b2a533063ca612c17aa9ad26424a2ff5aa865"
  integrity sha512-DGmGtC8Tt63J5GfHgfl5CuAXh96VF/LD8K9Hr/Gv0J2lAoRGlPOMpqMpMbCTOoOJMZCk2Xt+DskdDyn6dEFdzQ==

"@scure/bip32@1.6.0", "@scure/bip32@^1.5.0":
  version "1.6.0"
  resolved "https://registry.yarnpkg.com/@scure/bip32/-/bip32-1.6.0.tgz#6dbc6b4af7c9101b351f41231a879d8da47e0891"
  integrity sha512-82q1QfklrUUdXJzjuRU7iG7D7XiFx5PHYVS0+oeNKhyDLT7WPqs6pBcM2W5ZdwOwKCwoE1Vy1se+DHjcXwCYnA==
  dependencies:
    "@noble/curves" "~1.7.0"
    "@noble/hashes" "~1.6.0"
    "@scure/base" "~1.2.1"

"@scure/bip39@1.5.0", "@scure/bip39@^1.4.0":
  version "1.5.0"
  resolved "https://registry.yarnpkg.com/@scure/bip39/-/bip39-1.5.0.tgz#c8f9533dbd787641b047984356531d84485f19be"
  integrity sha512-Dop+ASYhnrwm9+HA/HwXg7j2ZqM6yk2fyLWb5znexjctFY3+E+eU8cIWI0Pql0Qx4hPZCijlGq4OL71g+Uz30A==
  dependencies:
    "@noble/hashes" "~1.6.0"
    "@scure/base" "~1.2.1"

"@shikijs/engine-oniguruma@^1.24.2":
  version "1.24.4"
  resolved "https://registry.yarnpkg.com/@shikijs/engine-oniguruma/-/engine-oniguruma-1.24.4.tgz#6adc430ddf247eeed155d8a41883e36160f302cf"
  integrity sha512-Do2ry6flp2HWdvpj2XOwwa0ljZBRy15HKZITzPcNIBOGSeprnA8gOooA/bLsSPuy8aJBa+Q/r34dMmC3KNL/zw==
  dependencies:
    "@shikijs/types" "1.24.4"
    "@shikijs/vscode-textmate" "^9.3.1"

"@shikijs/types@1.24.4", "@shikijs/types@^1.24.2":
  version "1.24.4"
  resolved "https://registry.yarnpkg.com/@shikijs/types/-/types-1.24.4.tgz#06ec8975732b68508f8423b01a5649eef8d9cea3"
  integrity sha512-0r0XU7Eaow0PuDxuWC1bVqmWCgm3XqizIaT7SM42K03vc69LGooT0U8ccSR44xP/hGlNx4FKhtYpV+BU6aaKAA==
  dependencies:
    "@shikijs/vscode-textmate" "^9.3.1"
    "@types/hast" "^3.0.4"

"@shikijs/vscode-textmate@^9.3.1":
  version "9.3.1"
  resolved "https://registry.yarnpkg.com/@shikijs/vscode-textmate/-/vscode-textmate-9.3.1.tgz#afda31f8f42cab70a26f3603f52eae3f1c35d2f7"
  integrity sha512-79QfK1393x9Ho60QFyLti+QfdJzRQCVLFb97kOIV7Eo9vQU/roINgk7m24uv0a7AUvN//RDH36FLjjK48v0s9g==

"@tsconfig/node10@^1.0.7":
  version "1.0.11"
  resolved "https://registry.yarnpkg.com/@tsconfig/node10/-/node10-1.0.11.tgz#6ee46400685f130e278128c7b38b7e031ff5b2f2"
  integrity sha512-DcRjDCujK/kCk/cUe8Xz8ZSpm8mS3mNNpta+jGCA6USEDfktlNvm1+IuZ9eTcDbNk41BHwpHHeW+N1lKCz4zOw==

"@tsconfig/node12@^1.0.7":
  version "1.0.11"
  resolved "https://registry.yarnpkg.com/@tsconfig/node12/-/node12-1.0.11.tgz#ee3def1f27d9ed66dac6e46a295cffb0152e058d"
  integrity sha512-cqefuRsh12pWyGsIoBKJA9luFu3mRxCA+ORZvA4ktLSzIuCUtWVxGIuXigEwO5/ywWFMZ2QEGKWvkZG1zDMTag==

"@tsconfig/node14@^1.0.0":
  version "1.0.3"
  resolved "https://registry.yarnpkg.com/@tsconfig/node14/-/node14-1.0.3.tgz#e4386316284f00b98435bf40f72f75a09dabf6c1"
  integrity sha512-ysT8mhdixWK6Hw3i1V2AeRqZ5WfXg1G43mqoYlM2nc6388Fq5jcXyr5mRsqViLx/GJYdoL0bfXD8nmF+Zn/Iow==

"@tsconfig/node16@^1.0.2":
  version "1.0.4"
  resolved "https://registry.yarnpkg.com/@tsconfig/node16/-/node16-1.0.4.tgz#0b92dcc0cc1c81f6f306a381f28e31b1a56536e9"
  integrity sha512-vxhUy4J8lyeyinH7Azl1pdd43GJhZH/tP2weN8TntQblOY+A0XbT8DJk1/oCPuOOyg/Ja757rG0CgHcWC8OfMA==

"@types/hast@^3.0.4":
  version "3.0.4"
  resolved "https://registry.yarnpkg.com/@types/hast/-/hast-3.0.4.tgz#1d6b39993b82cea6ad783945b0508c25903e15aa"
  integrity sha512-WPs+bbQw5aCj+x6laNGWLH3wviHtoCv/P3+otBhbOhJgG8qtpdAMlTCxLtsTWA7LH1Oh/bFCHsBn0TPS5m30EQ==
  dependencies:
    "@types/unist" "*"

"@types/node-fetch@^2.6.4":
  version "2.6.12"
  resolved "https://registry.yarnpkg.com/@types/node-fetch/-/node-fetch-2.6.12.tgz#8ab5c3ef8330f13100a7479e2cd56d3386830a03"
  integrity sha512-8nneRWKCg3rMtF69nLQJnOYUcbafYeFSjqkw3jCRLsqkWFlHaoQrr5mXmofFGOx3DKn7UfmBMyov8ySvLRVldA==
  dependencies:
    "@types/node" "*"
    form-data "^4.0.0"

"@types/node@*", "@types/node@^22.10.2":
  version "22.10.2"
  resolved "https://registry.yarnpkg.com/@types/node/-/node-22.10.2.tgz#a485426e6d1fdafc7b0d4c7b24e2c78182ddabb9"
  integrity sha512-Xxr6BBRCAOQixvonOye19wnzyDiUtTeqldOOmj3CkeblonbccA12PFwlufvRdrpjXxqnmUaeiU5EOA+7s5diUQ==
  dependencies:
    undici-types "~6.20.0"

"@types/node@^18.11.18":
  version "18.19.68"
  resolved "https://registry.yarnpkg.com/@types/node/-/node-18.19.68.tgz#f4f10d9927a7eaf3568c46a6d739cc0967ccb701"
  integrity sha512-QGtpFH1vB99ZmTa63K4/FU8twThj4fuVSBkGddTp7uIL/cuoLWIUSL2RcOaigBhfR+hg5pgGkBnkoOxrTVBMKw==
  dependencies:
    undici-types "~5.26.4"

"@types/retry@0.12.0":
  version "0.12.0"
  resolved "https://registry.yarnpkg.com/@types/retry/-/retry-0.12.0.tgz#2b35eccfcee7d38cd72ad99232fbd58bffb3c84d"
  integrity sha512-wWKOClTTiizcZhXnPY4wikVAwmdYHp8q6DmC+EJUzAMsycb7HB32Kh9RN4+0gExjmPmZSAQjgURXIGATPegAvA==

"@types/unist@*":
  version "3.0.3"
  resolved "https://registry.yarnpkg.com/@types/unist/-/unist-3.0.3.tgz#acaab0f919ce69cce629c2d4ed2eb4adc1b6c20c"
  integrity sha512-ko/gIFJRv177XgZsZcBwnqJN5x/Gien8qNOn0D5bQU/zAzVf9Zt3BlcUiLqhV9y4ARk0GbT3tnUiPNgnTXzc/Q==

"@types/uuid@^10.0.0":
  version "10.0.0"
  resolved "https://registry.yarnpkg.com/@types/uuid/-/uuid-10.0.0.tgz#e9c07fe50da0f53dc24970cca94d619ff03f6f6d"
  integrity sha512-7gqG38EyHgyP1S+7+xomFtL+ZNHcKv6DwNaCZmJmo1vgMugyF3TCnXVg4t1uk89mLNwnLtnY3TpOpCOyp1/xHQ==

abitype@1.0.7:
  version "1.0.7"
  resolved "https://registry.yarnpkg.com/abitype/-/abitype-1.0.7.tgz#876a0005d211e1c9132825d45bcee7b46416b284"
  integrity sha512-ZfYYSktDQUwc2eduYu8C4wOs+RDPmnRYMh7zNfzeMtGGgb0U+6tLGjixUic6mXf5xKKCcgT5Qp6cv39tOARVFw==

abitype@^1.0.6:
  version "1.0.8"
  resolved "https://registry.yarnpkg.com/abitype/-/abitype-1.0.8.tgz#3554f28b2e9d6e9f35eb59878193eabd1b9f46ba"
  integrity sha512-ZeiI6h3GnW06uYDLx0etQtX/p8E24UaHHBj57RSjK7YBFe7iuVn07EDpOeP451D06sF27VOz9JJPlIKJmXgkEg==

abort-controller@^3.0.0:
  version "3.0.0"
  resolved "https://registry.yarnpkg.com/abort-controller/-/abort-controller-3.0.0.tgz#eaf54d53b62bae4138e809ca225c8439a6efb392"
  integrity sha512-h8lQ8tacZYnR3vNQTgibj+tODHI5/+l06Au2Pcriv/Gmet0eaj4TwWH41sO9wnHDiQsEj19q0drzdWdeAHtweg==
  dependencies:
    event-target-shim "^5.0.0"

acorn-walk@^8.1.1:
  version "8.3.4"
  resolved "https://registry.yarnpkg.com/acorn-walk/-/acorn-walk-8.3.4.tgz#794dd169c3977edf4ba4ea47583587c5866236b7"
  integrity sha512-ueEepnujpqee2o5aIYnvHU6C0A42MNdsIDeqy5BydrkuC5R1ZuUFnm27EeFJGoEHJQgn3uleRvmTXaJgfXbt4g==
  dependencies:
    acorn "^8.11.0"

acorn@^8.11.0, acorn@^8.4.1:
  version "8.14.0"
  resolved "https://registry.yarnpkg.com/acorn/-/acorn-8.14.0.tgz#063e2c70cac5fb4f6467f0b11152e04c682795b0"
  integrity sha512-cl669nCJTZBsL97OF4kUQm5g5hC2uihk0NxY3WENAC0TYdILVkAyHymAntgxGkl7K+t0cXIrH5siy5S4XkFycA==

agentkeepalive@^4.2.1:
  version "4.6.0"
  resolved "https://registry.yarnpkg.com/agentkeepalive/-/agentkeepalive-4.6.0.tgz#35f73e94b3f40bf65f105219c623ad19c136ea6a"
  integrity sha512-kja8j7PjmncONqaTsB8fQ+wE2mSU2DJ9D4XKoJ5PFWIdRMa6SLSN1ff4mOr4jCbfRSsxR4keIiySJU0N9T5hIQ==
  dependencies:
    humanize-ms "^1.2.1"

arg@^4.1.0:
  version "4.1.3"
  resolved "https://registry.yarnpkg.com/arg/-/arg-4.1.3.tgz#269fc7ad5b8e42cb63c896d5666017261c144089"
  integrity sha512-58S9QDqG0Xx27YwPSt9fJxivjYl432YCwfDMfZ+71RAqUrZef7LrKQZ3LHLOwCS4FLNBplP533Zx895SeOCHvA==

argparse@^2.0.1:
  version "2.0.1"
  resolved "https://registry.yarnpkg.com/argparse/-/argparse-2.0.1.tgz#246f50f3ca78a3240f6c997e8a9bd1eac49e4b38"
  integrity sha512-8+9WqebbFzpX9OR+Wa6O29asIogeRMzcGtAINdpMHHyAg10f05aSFVBbcEqGf/PXw1EjAZ+q2/bEBg3DvurK3Q==

asynckit@^0.4.0:
  version "0.4.0"
  resolved "https://registry.yarnpkg.com/asynckit/-/asynckit-0.4.0.tgz#c79ed97f7f34cb8f2ba1bc9790bcc366474b4b79"
  integrity sha512-Oei9OH4tRh0YqU3GxhX79dM/mwVgvbZJaSNaRk+bshkj0S5cfHcgYakreBjrHwatXKbz+IoIdYLxrKim2MjW0Q==

axios@^1.7.9:
  version "1.7.9"
  resolved "https://registry.yarnpkg.com/axios/-/axios-1.7.9.tgz#d7d071380c132a24accda1b2cfc1535b79ec650a"
  integrity sha512-LhLcE7Hbiryz8oMDdDptSrWowmB4Bl6RCt6sIJKpRB4XtVf0iEgewX3au/pJqm+Py1kCASkb/FFKjxQaLtxJvw==
  dependencies:
    follow-redirects "^1.15.6"
    form-data "^4.0.0"
    proxy-from-env "^1.1.0"

balanced-match@^1.0.0:
  version "1.0.2"
  resolved "https://registry.yarnpkg.com/balanced-match/-/balanced-match-1.0.2.tgz#e83e3a7e3f300b34cb9d87f615fa0cbf357690ee"
  integrity sha512-3oSeUO0TMV67hN1AmbXsK4yaqU7tjiHlbxRDZOpH0KW9+CeX4bRAaX0Anxt0tx2MrpRpWwQaPwIlISEJhYU5Pw==

brace-expansion@^2.0.1:
  version "2.0.1"
  resolved "https://registry.yarnpkg.com/brace-expansion/-/brace-expansion-2.0.1.tgz#1edc459e0f0c548486ecf9fc99f2221364b9a0ae"
  integrity sha512-XnAIvQ8eM+kC6aULx6wuQiwVsnzsi9d3WxzV3FpWTGA19F621kwdbsAcFKXgKUHZWsy+mY6iL1sHTxWEFCytDA==
  dependencies:
    balanced-match "^1.0.0"

combined-stream@^1.0.8:
  version "1.0.8"
  resolved "https://registry.yarnpkg.com/combined-stream/-/combined-stream-1.0.8.tgz#c3d45a8b34fd730631a110a8a2520682b31d5a7f"
  integrity sha512-FQN4MRfuJeHf7cBbBMJFXhKSDq+2kAArBlmRBvcvFE5BB1HZKXtSFASDhdlz9zOYwxh8lDdnvmMOe/+5cdoEdg==
  dependencies:
    delayed-stream "~1.0.0"

commander@^10.0.1:
  version "10.0.1"
  resolved "https://registry.yarnpkg.com/commander/-/commander-10.0.1.tgz#881ee46b4f77d1c1dccc5823433aa39b022cbe06"
  integrity sha512-y4Mg2tXshplEbSGzx7amzPwKKOCGuoSRP/CjEdwwk0FOGlUbq6lKuoyDZTNZkmxHdJtp54hdfY/JUrdL7Xfdug==

create-require@^1.1.0:
  version "1.1.1"
  resolved "https://registry.yarnpkg.com/create-require/-/create-require-1.1.1.tgz#c1d7e8f1e5f6cfc9ff65f9cd352d37348756c333"
  integrity sha512-dcKFX3jn0MpIaXjisoRvexIJVEKzaq7z2rZKxf+MSr9TkdmHmsU4m2lcLojrj/FHl8mk5VxMmYA+ftRkP/3oKQ==

data-uri-to-buffer@^4.0.0:
  version "4.0.1"
  resolved "https://registry.yarnpkg.com/data-uri-to-buffer/-/data-uri-to-buffer-4.0.1.tgz#d8feb2b2881e6a4f58c2e08acfd0e2834e26222e"
  integrity sha512-0R9ikRb668HB7QDxT1vkpuUBtqc53YyAwMwGeUFKRojY/NWKvdZ+9UYtRfGmhqNbRkTSVpMbmyhXipFFv2cb/A==

delayed-stream@~1.0.0:
  version "1.0.0"
  resolved "https://registry.yarnpkg.com/delayed-stream/-/delayed-stream-1.0.0.tgz#df3ae199acadfb7d440aaae0b29e2272b24ec619"
  integrity sha512-ZySD7Nf91aLB0RxL4KGrKHBXl7Eds1DAmEdcoVawXnLD7SDhpNgtuII2aAkg7a7QS41jxPSZ17p4VdGnMHk3MQ==

diff@^4.0.1:
  version "4.0.2"
  resolved "https://registry.yarnpkg.com/diff/-/diff-4.0.2.tgz#60f3aecb89d5fae520c11aa19efc2bb982aade7d"
  integrity sha512-58lmxKSA4BNyLz+HHMUzlOEpg09FV+ev6ZMe3vJihgdxzgcwZ8VoEEPmALCZG9LmqfVoNMMKpttIYTVG6uDY7A==

dotenv@^16.4.7:
  version "16.4.7"
  resolved "https://registry.yarnpkg.com/dotenv/-/dotenv-16.4.7.tgz#0e20c5b82950140aa99be360a8a5f52335f53c26"
  integrity sha512-47qPchRCykZC03FhkYAhrvwU4xDBFIj1QPqaarj6mdM/hgUzfPHcpkHJOn3mJAufFeeAxAzeGsr5X0M4k6fLZQ==

entities@^4.4.0:
  version "4.5.0"
  resolved "https://registry.yarnpkg.com/entities/-/entities-4.5.0.tgz#5d268ea5e7113ec74c4d033b79ea5a35a488fb48"
  integrity sha512-V0hjH4dGPh9Ao5p0MoRY6BVqtwCjhz6vI5LT8AJ55H+4g9/4vbHx1I54fS0XuclLhDHArPQCiMjDxjaL8fPxhw==

event-target-shim@^5.0.0:
  version "5.0.1"
  resolved "https://registry.yarnpkg.com/event-target-shim/-/event-target-shim-5.0.1.tgz#5d4d3ebdf9583d63a5333ce2deb7480ab2b05789"
  integrity sha512-i/2XbnSz/uxRCU6+NdVJgKWDTM427+MqYbkQzD321DuCQJUqOuJKIA0IM2+W2xtYHdKOmZ4dR6fExsd4SXL+WQ==

eventemitter3@5.0.1:
  version "5.0.1"
  resolved "https://registry.yarnpkg.com/eventemitter3/-/eventemitter3-5.0.1.tgz#53f5ffd0a492ac800721bb42c66b841de96423c4"
  integrity sha512-GWkBvjiSZK87ELrYOSESUYeVIc9mvLLf/nXalMOS5dYrgZq9o5OVkbZAVM06CVxYsCwH9BDZFPlQTlPA1j4ahA==

eventemitter3@^4.0.4:
  version "4.0.7"
  resolved "https://registry.yarnpkg.com/eventemitter3/-/eventemitter3-4.0.7.tgz#2de9b68f6528d5644ef5c59526a1b4a07306169f"
  integrity sha512-8guHBZCwKnFhYdHr2ysuRWErTwhoN2X8XELRlrRwpmfeY2jjuUN4taQMsULKUVo1K4DvZl+0pgfyoysHxvmvEw==

fetch-blob@^3.1.2, fetch-blob@^3.1.4:
  version "3.2.0"
  resolved "https://registry.yarnpkg.com/fetch-blob/-/fetch-blob-3.2.0.tgz#f09b8d4bbd45adc6f0c20b7e787e793e309dcce9"
  integrity sha512-7yAQpD2UMJzLi1Dqv7qFYnPbaPx7ZfFK6PiIxQ4PfkGPyNyl2Ugx+a/umUonmKqjhM4DnfbMvdX6otXq83soQQ==
  dependencies:
    node-domexception "^1.0.0"
    web-streams-polyfill "^3.0.3"

follow-redirects@^1.15.6:
  version "1.15.9"
  resolved "https://registry.yarnpkg.com/follow-redirects/-/follow-redirects-1.15.9.tgz#a604fa10e443bf98ca94228d9eebcc2e8a2c8ee1"
  integrity sha512-gew4GsXizNgdoRyqmyfMHyAmXsZDk6mHkSxZFCzW9gwlbtOW44CDtYavM+y+72qD/Vq2l550kMF52DT8fOLJqQ==

form-data-encoder@1.7.2:
  version "1.7.2"
  resolved "https://registry.yarnpkg.com/form-data-encoder/-/form-data-encoder-1.7.2.tgz#1f1ae3dccf58ed4690b86d87e4f57c654fbab040"
  integrity sha512-qfqtYan3rxrnCk1VYaA4H+Ms9xdpPqvLZa6xmMgFvhO32x7/3J/ExcTd6qpxM0vH2GdMI+poehyBZvqfMTto8A==

form-data@^4.0.0:
  version "4.0.1"
  resolved "https://registry.yarnpkg.com/form-data/-/form-data-4.0.1.tgz#ba1076daaaa5bfd7e99c1a6cb02aa0a5cff90d48"
  integrity sha512-tzN8e4TX8+kkxGPK8D5u0FNmjPUjw3lwC9lSLxxoB/+GtsJG91CO8bSWy73APlgAZzZbXEYZJuxjkHH2w+Ezhw==
  dependencies:
    asynckit "^0.4.0"
    combined-stream "^1.0.8"
    mime-types "^2.1.12"

formdata-node@^4.3.2:
  version "4.4.1"
  resolved "https://registry.yarnpkg.com/formdata-node/-/formdata-node-4.4.1.tgz#23f6a5cb9cb55315912cbec4ff7b0f59bbd191e2"
  integrity sha512-0iirZp3uVDjVGt9p49aTaqjk84TrglENEDuqfdlZQ1roC9CWlPk6Avf8EEnZNcAqPonwkG35x4n3ww/1THYAeQ==
  dependencies:
    node-domexception "1.0.0"
    web-streams-polyfill "4.0.0-beta.3"

formdata-polyfill@^4.0.10:
  version "4.0.10"
  resolved "https://registry.yarnpkg.com/formdata-polyfill/-/formdata-polyfill-4.0.10.tgz#24807c31c9d402e002ab3d8c720144ceb8848423"
  integrity sha512-buewHzMvYL29jdeQTVILecSaZKnt/RJWjoZCF5OW60Z67/GmSLBkOFM7qh1PI3zFNtJbaZL5eQu1vLfazOwj4g==
  dependencies:
    fetch-blob "^3.1.2"

humanize-ms@^1.2.1:
  version "1.2.1"
  resolved "https://registry.yarnpkg.com/humanize-ms/-/humanize-ms-1.2.1.tgz#c46e3159a293f6b896da29316d8b6fe8bb79bbed"
  integrity sha512-Fl70vYtsAFb/C06PTS9dZBo7ihau+Tu/DNCk/OyHhea07S+aeMWpFFkUaXRa8fI+ScZbEI8dfSxwY7gxZ9SAVQ==
  dependencies:
    ms "^2.0.0"

isows@1.0.6:
  version "1.0.6"
  resolved "https://registry.yarnpkg.com/isows/-/isows-1.0.6.tgz#0da29d706fa51551c663c627ace42769850f86e7"
  integrity sha512-lPHCayd40oW98/I0uvgaHKWCSvkzY27LjWLbtzOm64yQ+G3Q5npjjbdppU65iZXkK1Zt+kH9pfegli0AYfwYYw==

langsmith@^0.2.14:
  version "0.2.14"
  resolved "https://registry.yarnpkg.com/langsmith/-/langsmith-0.2.14.tgz#9a186af45730b1e14bd448ac34a7928b633ea6ae"
  integrity sha512-ClAuAgSf3m9miMYotLEaZKQyKdaWlfjhebCuYco8bc6g72dU2VwTg31Bv4YINBq7EH2i1cMwbOiJxbOXPqjGig==
  dependencies:
    "@types/uuid" "^10.0.0"
    commander "^10.0.1"
    p-queue "^6.6.2"
    p-retry "4"
    semver "^7.6.3"
    uuid "^10.0.0"

linkify-it@^5.0.0:
  version "5.0.0"
  resolved "https://registry.yarnpkg.com/linkify-it/-/linkify-it-5.0.0.tgz#9ef238bfa6dc70bd8e7f9572b52d369af569b421"
  integrity sha512-5aHCbzQRADcdP+ATqnDuhhJ/MRIqDkZX5pyjFHRRysS8vZ5AbqGEoFIb6pYHPZ+L/OC2Lc+xT8uHVVR5CAK/wQ==
  dependencies:
    uc.micro "^2.0.0"

lunr@^2.3.9:
  version "2.3.9"
  resolved "https://registry.yarnpkg.com/lunr/-/lunr-2.3.9.tgz#18b123142832337dd6e964df1a5a7707b25d35e1"
  integrity sha512-zTU3DaZaF3Rt9rhN3uBMGQD3dD2/vFQqnvZCDv4dl5iOzq2IZQqTxu90r4E5J+nP70J3ilqVCrbho2eWaeW8Ow==

make-error@^1.1.1:
  version "1.3.6"
  resolved "https://registry.yarnpkg.com/make-error/-/make-error-1.3.6.tgz#2eb2e37ea9b67c4891f684a1394799af484cf7a2"
  integrity sha512-s8UhlNe7vPKomQhC1qFelMokr/Sc3AgNbso3n74mVPA5LTZwkB9NlXf4XPamLxJE8h0gh73rM94xvwRT2CVInw==

markdown-it@^14.1.0:
  version "14.1.0"
  resolved "https://registry.yarnpkg.com/markdown-it/-/markdown-it-14.1.0.tgz#3c3c5992883c633db4714ccb4d7b5935d98b7d45"
  integrity sha512-a54IwgWPaeBCAAsv13YgmALOF1elABB08FxO9i+r4VFk5Vl4pKokRPeX8u5TCgSsPi6ec1otfLjdOpVcgbpshg==
  dependencies:
    argparse "^2.0.1"
    entities "^4.4.0"
    linkify-it "^5.0.0"
    mdurl "^2.0.0"
    punycode.js "^2.3.1"
    uc.micro "^2.1.0"

mdurl@^2.0.0:
  version "2.0.0"
  resolved "https://registry.yarnpkg.com/mdurl/-/mdurl-2.0.0.tgz#80676ec0433025dd3e17ee983d0fe8de5a2237e0"
  integrity sha512-Lf+9+2r+Tdp5wXDXC4PcIBjTDtq4UKjCPMQhKIuzpJNW0b96kVqSwW0bT7FhRSfmAiFYgP+SCRvdrDozfh0U5w==

mime-db@1.52.0:
  version "1.52.0"
  resolved "https://registry.yarnpkg.com/mime-db/-/mime-db-1.52.0.tgz#bbabcdc02859f4987301c856e3387ce5ec43bf70"
  integrity sha512-sPU4uV7dYlvtWJxwwxHD0PuihVNiE7TyAbQ5SWxDCB9mUYvOgroQOwYQQOKPJ8CIbE+1ETVlOoK1UC2nU3gYvg==

mime-types@^2.1.12:
  version "2.1.35"
  resolved "https://registry.yarnpkg.com/mime-types/-/mime-types-2.1.35.tgz#381a871b62a734450660ae3deee44813f70d959a"
  integrity sha512-ZDY+bPm5zTTF+YpCrAU9nK0UgICYPT0QtT1NZWFv4s++TNkcgVaT0g6+4R2uI4MjQjzysHB1zxuWL50hzaeXiw==
  dependencies:
    mime-db "1.52.0"

minimatch@^9.0.5:
  version "9.0.5"
  resolved "https://registry.yarnpkg.com/minimatch/-/minimatch-9.0.5.tgz#d74f9dd6b57d83d8e98cfb82133b03978bc929e5"
  integrity sha512-G6T0ZX48xgozx7587koeX9Ys2NYy6Gmv//P89sEte9V9whIapMNF4idKxnW2QtCcLiTWlb/wfCabAtAFWhhBow==
  dependencies:
    brace-expansion "^2.0.1"

ms@^2.0.0:
  version "2.1.3"
  resolved "https://registry.yarnpkg.com/ms/-/ms-2.1.3.tgz#574c8138ce1d2b5861f0b44579dbadd60c6615b2"
  integrity sha512-6FlzubTLZG3J2a/NVCAleEhjzq5oxgHyaCU9yYXvcLsvoVaHJq/s5xXI6/XXP6tz7R9xAOtHnSO/tXtF3WRTlA==

node-domexception@1.0.0, node-domexception@^1.0.0:
  version "1.0.0"
  resolved "https://registry.yarnpkg.com/node-domexception/-/node-domexception-1.0.0.tgz#6888db46a1f71c0b76b3f7555016b63fe64766e5"
  integrity sha512-/jKZoMpw0F8GRwl4/eLROPA3cfcXtLApP0QzLmUT/HuPCZWyB7IY9ZrMeKw2O/nFIqPQB3PVM9aYm0F312AXDQ==

node-fetch@^2.6.7:
  version "2.7.0"
  resolved "https://registry.yarnpkg.com/node-fetch/-/node-fetch-2.7.0.tgz#d0f0fa6e3e2dc1d27efcd8ad99d550bda94d187d"
  integrity sha512-c4FRfUm/dbcWZ7U+1Wq0AwCyFL+3nt2bEw05wfxSz+DWpWsitgmSgYmy2dQdWyKC1694ELPqMs/YzUSNozLt8A==
  dependencies:
    whatwg-url "^5.0.0"

node-fetch@^3.3.2:
  version "3.3.2"
  resolved "https://registry.yarnpkg.com/node-fetch/-/node-fetch-3.3.2.tgz#d1e889bacdf733b4ff3b2b243eb7a12866a0b78b"
  integrity sha512-dRB78srN/l6gqWulah9SrxeYnxeddIG30+GOqK/9OlLVyLg3HPnr6SqOWTWOXKRwC2eGYCkZ59NNuSgvSrpgOA==
  dependencies:
    data-uri-to-buffer "^4.0.0"
    fetch-blob "^3.1.4"
    formdata-polyfill "^4.0.10"

openai@^4.73.1:
  version "4.77.0"
  resolved "https://registry.yarnpkg.com/openai/-/openai-4.77.0.tgz#228f2d43ffa79ae9d8b5d4155e965da82e5ac330"
  integrity sha512-WWacavtns/7pCUkOWvQIjyOfcdr9X+9n9Vvb0zFeKVDAqwCMDHB+iSr24SVaBAhplvSG6JrRXFpcNM9gWhOGIw==
  dependencies:
    "@types/node" "^18.11.18"
    "@types/node-fetch" "^2.6.4"
    abort-controller "^3.0.0"
    agentkeepalive "^4.2.1"
    form-data-encoder "1.7.2"
    formdata-node "^4.3.2"
    node-fetch "^2.6.7"

ox@0.4.4:
  version "0.4.4"
  resolved "https://registry.yarnpkg.com/ox/-/ox-0.4.4.tgz#9d1757c026406e60097680d98ffedf9e3bc1fa0b"
  integrity sha512-oJPEeCDs9iNiPs6J0rTx+Y0KGeCGyCAA3zo94yZhm8G5WpOxrwUtn2Ie/Y8IyARSqqY/j9JTKA3Fc1xs1DvFnw==
  dependencies:
    "@adraffy/ens-normalize" "^1.10.1"
    "@noble/curves" "^1.6.0"
    "@noble/hashes" "^1.5.0"
    "@scure/bip32" "^1.5.0"
    "@scure/bip39" "^1.4.0"
    abitype "^1.0.6"
    eventemitter3 "5.0.1"

p-finally@^1.0.0:
  version "1.0.0"
  resolved "https://registry.yarnpkg.com/p-finally/-/p-finally-1.0.0.tgz#3fbcfb15b899a44123b34b6dcc18b724336a2cae"
  integrity sha512-LICb2p9CB7FS+0eR1oqWnHhp0FljGLZCWBE9aix0Uye9W8LTQPwMTYVGWQWIw9RdQiDg4+epXQODwIYJtSJaow==

p-queue@^6.6.2:
  version "6.6.2"
  resolved "https://registry.yarnpkg.com/p-queue/-/p-queue-6.6.2.tgz#2068a9dcf8e67dd0ec3e7a2bcb76810faa85e426"
  integrity sha512-RwFpb72c/BhQLEXIZ5K2e+AhgNVmIejGlTgiB9MzZ0e93GRvqZ7uSi0dvRF7/XIXDeNkra2fNHBxTyPDGySpjQ==
  dependencies:
    eventemitter3 "^4.0.4"
    p-timeout "^3.2.0"

p-retry@4:
  version "4.6.2"
  resolved "https://registry.yarnpkg.com/p-retry/-/p-retry-4.6.2.tgz#9baae7184057edd4e17231cee04264106e092a16"
  integrity sha512-312Id396EbJdvRONlngUx0NydfrIQ5lsYu0znKVUzVvArzEIt08V1qhtyESbGVd1FGX7UKtiFp5uwKZdM8wIuQ==
  dependencies:
    "@types/retry" "0.12.0"
    retry "^0.13.1"

p-timeout@^3.2.0:
  version "3.2.0"
  resolved "https://registry.yarnpkg.com/p-timeout/-/p-timeout-3.2.0.tgz#c7e17abc971d2a7962ef83626b35d635acf23dfe"
  integrity sha512-rhIwUycgwwKcP9yTOOFK/AKsAopjjCakVqLHePO3CC6Mir1Z99xT+R63jZxAT5lFZLa2inS5h+ZS2GvR99/FBg==
  dependencies:
    p-finally "^1.0.0"

prettier@^3.2.5:
  version "3.4.2"
  resolved "https://registry.yarnpkg.com/prettier/-/prettier-3.4.2.tgz#a5ce1fb522a588bf2b78ca44c6e6fe5aa5a2b13f"
  integrity sha512-e9MewbtFo+Fevyuxn/4rrcDAaq0IYxPGLvObpQjiZBMAzB9IGmzlnG9RZy3FFas+eBMu2vA0CszMeduow5dIuQ==

proxy-from-env@^1.1.0:
  version "1.1.0"
  resolved "https://registry.yarnpkg.com/proxy-from-env/-/proxy-from-env-1.1.0.tgz#e102f16ca355424865755d2c9e8ea4f24d58c3e2"
  integrity sha512-D+zkORCbA9f1tdWRK0RaCR3GPv50cMxcrz4X8k5LTSUD1Dkw47mKJEZQNunItRTkWwgtaUSo1RVFRIG9ZXiFYg==

punycode.js@^2.3.1:
  version "2.3.1"
  resolved "https://registry.yarnpkg.com/punycode.js/-/punycode.js-2.3.1.tgz#6b53e56ad75588234e79f4affa90972c7dd8cdb7"
  integrity sha512-uxFIHU0YlHYhDQtV4R9J6a52SLx28BCjT+4ieh7IGbgwVJWO+km431c4yRlREUAsAmt/uMjQUyQHNEPf0M39CA==

punycode@^2.3.1:
  version "2.3.1"
  resolved "https://registry.yarnpkg.com/punycode/-/punycode-2.3.1.tgz#027422e2faec0b25e1549c3e1bd8309b9133b6e5"
  integrity sha512-vYt7UD1U9Wg6138shLtLOvdAu+8DsC/ilFtEVHcH+wydcSpNE20AfSOduf6MkRFahL5FY7X1oU7nKVZFtfq8Fg==

retry@^0.13.1:
  version "0.13.1"
  resolved "https://registry.yarnpkg.com/retry/-/retry-0.13.1.tgz#185b1587acf67919d63b357349e03537b2484658"
  integrity sha512-XQBQ3I8W1Cge0Seh+6gjj03LbmRFWuoszgK9ooCpwYIrhhoO80pfq4cUkU5DkknwfOfFteRwlZ56PYOGYyFWdg==

semver@^7.6.3:
  version "7.6.3"
  resolved "https://registry.yarnpkg.com/semver/-/semver-7.6.3.tgz#980f7b5550bc175fb4dc09403085627f9eb33143"
  integrity sha512-oVekP1cKtI+CTDvHWYFUcMtsK/00wmAEfyqKfNdARm8u1wNVhSgaX7A8d4UuIlUI5e84iEwOhs7ZPYRmzU9U6A==

tr46@^5.0.0:
  version "5.0.0"
  resolved "https://registry.yarnpkg.com/tr46/-/tr46-5.0.0.tgz#3b46d583613ec7283020d79019f1335723801cec"
  integrity sha512-tk2G5R2KRwBd+ZN0zaEXpmzdKyOYksXwywulIX95MBODjSzMIuQnQ3m8JxgbhnL1LeVo7lqQKsYa1O3Htl7K5g==
  dependencies:
    punycode "^2.3.1"

ts-node@^10.9.2:
  version "10.9.2"
  resolved "https://registry.yarnpkg.com/ts-node/-/ts-node-10.9.2.tgz#70f021c9e185bccdca820e26dc413805c101c71f"
  integrity sha512-f0FFpIdcHgn8zcPSbf1dRevwt047YMnaiJM3u2w2RewrB+fob/zePZcrOyQoLMMO7aBIddLcQIEK5dYjkLnGrQ==
  dependencies:
    "@cspotcode/source-map-support" "^0.8.0"
    "@tsconfig/node10" "^1.0.7"
    "@tsconfig/node12" "^1.0.7"
    "@tsconfig/node14" "^1.0.0"
    "@tsconfig/node16" "^1.0.2"
    acorn "^8.4.1"
    acorn-walk "^8.1.1"
    arg "^4.1.0"
    create-require "^1.1.0"
    diff "^4.0.1"
    make-error "^1.1.1"
    v8-compile-cache-lib "^3.0.1"
    yn "3.1.1"

typedoc@^0.27.6:
  version "0.27.6"
  resolved "https://registry.yarnpkg.com/typedoc/-/typedoc-0.27.6.tgz#7e8d067bd5386b7908afcb12c9054a83e8bb326b"
  integrity sha512-oBFRoh2Px6jFx366db0lLlihcalq/JzyCVp7Vaq1yphL/tbgx2e+bkpkCgJPunaPvPwoTOXSwasfklWHm7GfAw==
  dependencies:
    "@gerrit0/mini-shiki" "^1.24.0"
    lunr "^2.3.9"
    markdown-it "^14.1.0"
    minimatch "^9.0.5"
    yaml "^2.6.1"

typescript@^5.7.2:
  version "5.7.2"
  resolved "https://registry.yarnpkg.com/typescript/-/typescript-5.7.2.tgz#3169cf8c4c8a828cde53ba9ecb3d2b1d5dd67be6"
  integrity sha512-i5t66RHxDvVN40HfDd1PsEThGNnlMCMT3jMUuoh9/0TaqWevNontacunWyN02LA9/fIbEWlcHZcgTKb9QoaLfg==

uc.micro@^2.0.0, uc.micro@^2.1.0:
  version "2.1.0"
  resolved "https://registry.yarnpkg.com/uc.micro/-/uc.micro-2.1.0.tgz#f8d3f7d0ec4c3dea35a7e3c8efa4cb8b45c9e7ee"
  integrity sha512-ARDJmphmdvUk6Glw7y9DQ2bFkKBHwQHLi2lsaH6PPmz/Ka9sFOBsBluozhDltWmnv9u/cF6Rt87znRTPV+yp/A==

undici-types@~5.26.4:
  version "5.26.5"
  resolved "https://registry.yarnpkg.com/undici-types/-/undici-types-5.26.5.tgz#bcd539893d00b56e964fd2657a4866b221a65617"
  integrity sha512-JlCMO+ehdEIKqlFxk6IfVoAUVmgz7cU7zD/h9XZ0qzeosSHmUJVOzSQvvYSYWXkFXC+IfLKSIffhv0sVZup6pA==

undici-types@~6.20.0:
  version "6.20.0"
  resolved "https://registry.yarnpkg.com/undici-types/-/undici-types-6.20.0.tgz#8171bf22c1f588d1554d55bf204bc624af388433"
  integrity sha512-Ny6QZ2Nju20vw1SRHe3d9jVu6gJ+4e3+MMpqu7pqE5HT6WsTSlce++GQmK5UXS8mzV8DSYHrQH+Xrf2jVcuKNg==

uuid@^10.0.0:
  version "10.0.0"
  resolved "https://registry.yarnpkg.com/uuid/-/uuid-10.0.0.tgz#5a95aa454e6e002725c79055fd42aaba30ca6294"
  integrity sha512-8XkAphELsDnEGrDxUOHB3RGvXz6TeuYSGEZBOjtTtPm2lwhGBjLgOzLHB63IUWfBpNucQjND6d3AOudO+H3RWQ==

v8-compile-cache-lib@^3.0.1:
  version "3.0.1"
  resolved "https://registry.yarnpkg.com/v8-compile-cache-lib/-/v8-compile-cache-lib-3.0.1.tgz#6336e8d71965cb3d35a1bbb7868445a7c05264bf"
  integrity sha512-wa7YjyUGfNZngI/vtK0UHAN+lgDCxBPCylVXGp0zu59Fz5aiGtNXaq3DhIov063MorB+VfufLh3JlF2KdTK3xg==

viem@^2.21.57:
  version "2.21.58"
  resolved "https://registry.yarnpkg.com/viem/-/viem-2.21.58.tgz#450ba2e316cb4bce84ec126c8c151a5a33f6856a"
  integrity sha512-mGVKlu3ici7SueEQatn44I7KePP8Nwb5JUjZaQOciWxWHCFP/WLyjdZDIK09qyaozHNTH/t78K3ptXCe+AnMuQ==
  dependencies:
    "@noble/curves" "1.7.0"
    "@noble/hashes" "1.6.1"
    "@scure/bip32" "1.6.0"
    "@scure/bip39" "1.5.0"
    abitype "1.0.7"
    isows "1.0.6"
    ox "0.4.4"
    webauthn-p256 "0.0.10"
    ws "8.18.0"

web-streams-polyfill@4.0.0-beta.3:
  version "4.0.0-beta.3"
  resolved "https://registry.yarnpkg.com/web-streams-polyfill/-/web-streams-polyfill-4.0.0-beta.3.tgz#2898486b74f5156095e473efe989dcf185047a38"
  integrity sha512-QW95TCTaHmsYfHDybGMwO5IJIM93I/6vTRk+daHTWFPhwh+C8Cg7j7XyKrwrj8Ib6vYXe0ocYNrmzY4xAAN6ug==

web-streams-polyfill@^3.0.3:
  version "3.3.3"
  resolved "https://registry.yarnpkg.com/web-streams-polyfill/-/web-streams-polyfill-3.3.3.tgz#2073b91a2fdb1fbfbd401e7de0ac9f8214cecb4b"
  integrity sha512-d2JWLCivmZYTSIoge9MsgFCZrt571BikcWGYkjC1khllbTeDlGqZ2D8vD8E/lJa8WGWbb7Plm8/XJYV7IJHZZw==

webauthn-p256@0.0.10:
  version "0.0.10"
  resolved "https://registry.yarnpkg.com/webauthn-p256/-/webauthn-p256-0.0.10.tgz#877e75abe8348d3e14485932968edf3325fd2fdd"
  integrity sha512-EeYD+gmIT80YkSIDb2iWq0lq2zbHo1CxHlQTeJ+KkCILWpVy3zASH3ByD4bopzfk0uCwXxLqKGLqp2W4O28VFA==
  dependencies:
    "@noble/curves" "^1.4.0"
    "@noble/hashes" "^1.4.0"

webidl-conversions@^7.0.0:
  version "7.0.0"
  resolved "https://registry.yarnpkg.com/webidl-conversions/-/webidl-conversions-7.0.0.tgz#256b4e1882be7debbf01d05f0aa2039778ea080a"
  integrity sha512-VwddBukDzu71offAQR975unBIGqfKZpM+8ZX6ySk8nYhVoo5CYaZyzt3YBvYtRtO+aoGlqxPg/B87NGVZ/fu6g==

whatwg-url@^14.1.0, whatwg-url@^5.0.0:
  version "14.1.0"
  resolved "https://registry.yarnpkg.com/whatwg-url/-/whatwg-url-14.1.0.tgz#fffebec86cc8e6c2a657e50dc606207b870f0ab3"
  integrity sha512-jlf/foYIKywAt3x/XWKZ/3rz8OSJPiWktjmk891alJUEjiVxKX9LEO92qH3hv4aJ0mN3MWPvGMCy8jQi95xK4w==
  dependencies:
    tr46 "^5.0.0"
    webidl-conversions "^7.0.0"

ws@8.18.0:
  version "8.18.0"
  resolved "https://registry.yarnpkg.com/ws/-/ws-8.18.0.tgz#0d7505a6eafe2b0e712d232b42279f53bc289bbc"
  integrity sha512-8VbfWfHLbbwu3+N6OKsOMpBdT4kXPDDB9cJk2bJ6mh9ucxdlnNvH1e+roYkKmN9Nxw2yjz7VzeO9oOz2zJ04Pw==

yaml@^2.6.1:
  version "2.6.1"
  resolved "https://registry.yarnpkg.com/yaml/-/yaml-2.6.1.tgz#42f2b1ba89203f374609572d5349fb8686500773"
  integrity sha512-7r0XPzioN/Q9kXBro/XPnA6kznR73DHq+GXh5ON7ZozRO6aMjbmiBuKste2wslTFkC5d1dw0GooOCepZXJ2SAg==

yn@3.1.1:
  version "3.1.1"
  resolved "https://registry.yarnpkg.com/yn/-/yn-3.1.1.tgz#1e87401a09d767c1d5eab26a6e4c185182d2eb50"
  integrity sha512-Ux4ygGWsu2c7isFWe8Yu1YluJmqVhxqK2cLXNQA5AcC3QfbGNpM7fu0Y8b/z16pXLnFxZYvWhd3fhBY9DLmC6Q==
